
Microsoft Visual Studio Solution File, Format Version 12.00
# Visual Studio 15
VisualStudioVersion = 15.0.27130.2024
MinimumVisualStudioVersion = 10.0.40219.1
Project("{FAE04EC0-301F-11D3-BF4B-00C04F79EFBC}") = "Ci.Retry", "Ci.Retry\Ci.Retry.csproj", "{DFB48774-37EC-4D6F-B477-3C1673D8301A}"
EndProject
Global
	GlobalSection(SolutionConfigurationPlatforms) = preSolution
		Debug|Any CPU = Debug|Any CPU
		Release|Any CPU = Release|Any CPU
	EndGlobalSection
	GlobalSection(ProjectConfigurationPlatforms) = postSolution
		{DFB48774-37EC-4D6F-B477-3C1673D8301A}.Debug|Any CPU.ActiveCfg = Debug|Any CPU
		{DFB48774-37EC-4D6F-B477-3C1673D8301A}.Debug|Any CPU.Build.0 = Debug|Any CPU
		{DFB48774-37EC-4D6F-B477-3C1673D8301A}.Release|Any CPU.ActiveCfg = Release|Any CPU
		{DFB48774-37EC-4D6F-B477-3C1673D8301A}.Release|Any CPU.Build.0 = Release|Any CPU
	EndGlobalSection
	GlobalSection(SolutionProperties) = preSolution
		HideSolutionNode = FALSE
	EndGlobalSection
	GlobalSection(ExtensibilityGlobals) = postSolution
		SolutionGuid = {30ED6B5F-45BB-4D41-9963-37DE19222321}
	EndGlobalSection
EndGlobal
